{
  "name": "@angelhacks/site",
  "version": "1.0.0",
  "lockfileVersion": 1,
  "requires": true,
  "dependencies": {
    "next.js": {
      "version": "1.0.3",
      "resolved": "https://registry.npmjs.org/next.js/-/next.js-1.0.3.tgz",
      "integrity": "sha1-t9WkxuJBw9kUyUAHqk8x0Qh5n6g="
    }
  }
}
